
Microsoft Visual Studio Solution File, Format Version 12.00
# Visual Studio Version 16
VisualStudioVersion = 16.0.31729.503
MinimumVisualStudioVersion = 10.0.40219.1
Project("{FAE04EC0-301F-11D3-BF4B-00C04F79EFBC}") = "Invoice", "Invoice\Invoice.csproj", "{C9AFF24E-E7B2-4614-8D7A-926CA69BA5B4}"
EndProject
Global
	GlobalSection(SolutionConfigurationPlatforms) = preSolution
		Debug|Any CPU = Debug|Any CPU
		Release|Any CPU = Release|Any CPU
	EndGlobalSection
	GlobalSection(ProjectConfigurationPlatforms) = postSolution
		{C9AFF24E-E7B2-4614-8D7A-926CA69BA5B4}.Debug|Any CPU.ActiveCfg = Debug|Any CPU
		{C9AFF24E-E7B2-4614-8D7A-926CA69BA5B4}.Debug|Any CPU.Build.0 = Debug|Any CPU
		{C9AFF24E-E7B2-4614-8D7A-926CA69BA5B4}.Release|Any CPU.ActiveCfg = Release|Any CPU
		{C9AFF24E-E7B2-4614-8D7A-926CA69BA5B4}.Release|Any CPU.Build.0 = Release|Any CPU
	EndGlobalSection
	GlobalSection(SolutionProperties) = preSolution
		HideSolutionNode = FALSE
	EndGlobalSection
	GlobalSection(ExtensibilityGlobals) = postSolution
		SolutionGuid = {B5B13A01-5FAB-4834-A8EF-127E33797007}
	EndGlobalSection
EndGlobal
